
Microsoft Visual Studio Solution File, Format Version 12.00
# Visual Studio Version 16
VisualStudioVersion = 16.0.28407.52
MinimumVisualStudioVersion = 10.0.40219.1
Project("{FAE04EC0-301F-11D3-BF4B-00C04F79EFBC}") = "Final_Year_Project", "Final_Year_Project\Final_Year_Project.csproj", "{932BD30E-CB3E-433B-991F-07B639FE5597}"
EndProject
Project("{54435603-DBB4-11D2-8724-00A0C9A8B90C}") = "MSI_Setup", "MSI_Setup\MSI_Setup.vdproj", "{6E40766B-3051-4AEF-A680-9738031C205C}"
EndProject
Global
	GlobalSection(SolutionConfigurationPlatforms) = preSolution
		Debug|Any CPU = Debug|Any CPU
		Debug|x64 = Debug|x64
		Debug|x86 = Debug|x86
		Release|Any CPU = Release|Any CPU
		Release|x64 = Release|x64
		Release|x86 = Release|x86
	EndGlobalSection
	GlobalSection(ProjectConfigurationPlatforms) = postSolution
		{932BD30E-CB3E-433B-991F-07B639FE5597}.Debug|Any CPU.ActiveCfg = Debug|Any CPU
		{932BD30E-CB3E-433B-991F-07B639FE5597}.Debug|Any CPU.Build.0 = Debug|Any CPU
		{932BD30E-CB3E-433B-991F-07B639FE5597}.Debug|x64.ActiveCfg = Debug|x64
		{932BD30E-CB3E-433B-991F-07B639FE5597}.Debug|x64.Build.0 = Debug|x64
		{932BD30E-CB3E-433B-991F-07B639FE5597}.Debug|x86.ActiveCfg = Debug|Any CPU
		{932BD30E-CB3E-433B-991F-07B639FE5597}.Debug|x86.Build.0 = Debug|Any CPU
		{932BD30E-CB3E-433B-991F-07B639FE5597}.Release|Any CPU.ActiveCfg = Release|Any CPU
		{932BD30E-CB3E-433B-991F-07B639FE5597}.Release|Any CPU.Build.0 = Release|Any CPU
		{932BD30E-CB3E-433B-991F-07B639FE5597}.Release|x64.ActiveCfg = Release|Any CPU
		{932BD30E-CB3E-433B-991F-07B639FE5597}.Release|x64.Build.0 = Release|Any CPU
		{932BD30E-CB3E-433B-991F-07B639FE5597}.Release|x86.ActiveCfg = Release|Any CPU
		{932BD30E-CB3E-433B-991F-07B639FE5597}.Release|x86.Build.0 = Release|Any CPU
		{6E40766B-3051-4AEF-A680-9738031C205C}.Debug|Any CPU.ActiveCfg = Debug
		{6E40766B-3051-4AEF-A680-9738031C205C}.Debug|x64.ActiveCfg = Debug
		{6E40766B-3051-4AEF-A680-9738031C205C}.Debug|x64.Build.0 = Debug
		{6E40766B-3051-4AEF-A680-9738031C205C}.Debug|x86.ActiveCfg = Debug
		{6E40766B-3051-4AEF-A680-9738031C205C}.Debug|x86.Build.0 = Debug
		{6E40766B-3051-4AEF-A680-9738031C205C}.Release|Any CPU.ActiveCfg = Release
		{6E40766B-3051-4AEF-A680-9738031C205C}.Release|Any CPU.Build.0 = Release
		{6E40766B-3051-4AEF-A680-9738031C205C}.Release|x64.ActiveCfg = Release
		{6E40766B-3051-4AEF-A680-9738031C205C}.Release|x64.Build.0 = Release
		{6E40766B-3051-4AEF-A680-9738031C205C}.Release|x86.ActiveCfg = Release
		{6E40766B-3051-4AEF-A680-9738031C205C}.Release|x86.Build.0 = Release
	EndGlobalSection
	GlobalSection(SolutionProperties) = preSolution
		HideSolutionNode = FALSE
	EndGlobalSection
	GlobalSection(ExtensibilityGlobals) = postSolution
		SolutionGuid = {CEDE67DA-1D2A-43D5-9E3A-6B0EDB95D642}
	EndGlobalSection
EndGlobal
